{
  "originHash" : "b2534d70666fb70678586c27b36e317aa4e01e91e7ac649d5bf23c89eda183e9",
  "pins" : [
    {
      "identity" : "capacitor-swift-pm",
      "kind" : "remoteSourceControl",
      "location" : "https://github.com/ionic-team/capacitor-swift-pm.git",
      "state" : {
        "revision" : "abbe3387892339dbb29a0022a5d802ebb693ac72",
        "version" : "7.5.0"
      }
    },
    {
      "identity" : "ion-ios-geolocation",
      "kind" : "remoteSourceControl",
      "location" : "https://github.com/ionic-team/ion-ios-geolocation.git",
      "state" : {
        "revision" : "aa1ff949ea4b3228e58c5b15e56ded4f155f4bc6",
        "version" : "1.0.2"
      }
    }
  ],
  "version" : 3
}
